
Microsoft Visual Studio Solution File, Format Version 12.00
# Visual Studio 15
VisualStudioVersion = 15.0.26730.16
MinimumVisualStudioVersion = 10.0.40219.1
Project("{FAE04EC0-301F-11D3-BF4B-00C04F79EFBC}") = "TournamentApp.DataAccess", "TournamentApp.DataAccess\TournamentApp.DataAccess.csproj", "{1A23007B-02FC-47F8-B911-8E92FDCCECD9}"
EndProject
Project("{FAE04EC0-301F-11D3-BF4B-00C04F79EFBC}") = "TournamentApp.Models", "TournamentApp.Models\TournamentApp.Models.csproj", "{27E3773C-DB15-4501-AB0F-8E06A2FB25AA}"
EndProject
Project("{FAE04EC0-301F-11D3-BF4B-00C04F79EFBC}") = "TournamentApp.UI.Admin", "TournamentApp.UI.Admin\TournamentApp.UI.Admin.csproj", "{D6939B40-24A1-44F7-BE3F-5AD476C88C57}"
EndProject
Global
	GlobalSection(SolutionConfigurationPlatforms) = preSolution
		Debug|Any CPU = Debug|Any CPU
		Release|Any CPU = Release|Any CPU
	EndGlobalSection
	GlobalSection(ProjectConfigurationPlatforms) = postSolution
		{1A23007B-02FC-47F8-B911-8E92FDCCECD9}.Debug|Any CPU.ActiveCfg = Debug|Any CPU
		{1A23007B-02FC-47F8-B911-8E92FDCCECD9}.Debug|Any CPU.Build.0 = Debug|Any CPU
		{1A23007B-02FC-47F8-B911-8E92FDCCECD9}.Release|Any CPU.ActiveCfg = Release|Any CPU
		{1A23007B-02FC-47F8-B911-8E92FDCCECD9}.Release|Any CPU.Build.0 = Release|Any CPU
		{27E3773C-DB15-4501-AB0F-8E06A2FB25AA}.Debug|Any CPU.ActiveCfg = Debug|Any CPU
		{27E3773C-DB15-4501-AB0F-8E06A2FB25AA}.Debug|Any CPU.Build.0 = Debug|Any CPU
		{27E3773C-DB15-4501-AB0F-8E06A2FB25AA}.Release|Any CPU.ActiveCfg = Release|Any CPU
		{27E3773C-DB15-4501-AB0F-8E06A2FB25AA}.Release|Any CPU.Build.0 = Release|Any CPU
		{D6939B40-24A1-44F7-BE3F-5AD476C88C57}.Debug|Any CPU.ActiveCfg = Debug|Any CPU
		{D6939B40-24A1-44F7-BE3F-5AD476C88C57}.Debug|Any CPU.Build.0 = Debug|Any CPU
		{D6939B40-24A1-44F7-BE3F-5AD476C88C57}.Release|Any CPU.ActiveCfg = Release|Any CPU
		{D6939B40-24A1-44F7-BE3F-5AD476C88C57}.Release|Any CPU.Build.0 = Release|Any CPU
	EndGlobalSection
	GlobalSection(SolutionProperties) = preSolution
		HideSolutionNode = FALSE
	EndGlobalSection
	GlobalSection(ExtensibilityGlobals) = postSolution
		SolutionGuid = {96C008E8-627C-446C-8CB2-FBA90454A98A}
	EndGlobalSection
EndGlobal
